
Microsoft Visual Studio Solution File, Format Version 12.00
# Visual Studio Version 17
VisualStudioVersion = 17.9.34622.214
MinimumVisualStudioVersion = 10.0.40219.1
Project("{9A19103F-16F7-4668-BE54-9A1E7A4F7556}") = "WWC.240711.ASPNETCore.Production", "WWC.240711.ASPNETCore.Production\WWC.240711.ASPNETCore.Production.csproj", "{D4E45866-C9B7-4EE9-9643-E04E68A42EE0}"
EndProject
Project("{9A19103F-16F7-4668-BE54-9A1E7A4F7556}") = "WWC.240711.ASPNETCore.Extensions", "WWC.240711.ASPNETCore.Extensions\WWC.240711.ASPNETCore.Extensions.csproj", "{3379EA17-27CB-49A3-94B3-887B5614FD00}"
EndProject
Project("{9A19103F-16F7-4668-BE54-9A1E7A4F7556}") = "WWC.240711.ASPNETCore.Database", "WWC.240711.ASPNETCore.Database\WWC.240711.ASPNETCore.Database.csproj", "{0D1EE7BD-7079-43E8-95AE-479E82412D78}"
EndProject
Project("{2150E333-8FDC-42A3-9474-1A3956D46DE8}") = "XMind", "XMind", "{29E31E7F-D523-4316-A9E0-BAAF9461759A}"
EndProject
Project("{2150E333-8FDC-42A3-9474-1A3956D46DE8}") = "概述", "概述", "{E2328097-5B9A-444E-96BA-9AA7C600F9D8}"
EndProject
Project("{2150E333-8FDC-42A3-9474-1A3956D46DE8}") = "抽象运行逻辑", "抽象运行逻辑", "{1F0BAD11-F9E2-42C6-BA01-B0CF08F3C06C}"
EndProject
Project("{2150E333-8FDC-42A3-9474-1A3956D46DE8}") = "整体实现结构", "整体实现结构", "{6C894B00-C8C0-4040-B9AA-E7259205D92E}"
EndProject
Project("{2150E333-8FDC-42A3-9474-1A3956D46DE8}") = "补充", "补充", "{61CA22DD-4B14-498F-963D-92D7BCEF8B4A}"
EndProject
Project("{2150E333-8FDC-42A3-9474-1A3956D46DE8}") = "注意事项", "注意事项", "{3605571D-6A25-461F-85E1-3A36F79B8AD0}"
EndProject
Project("{9A19103F-16F7-4668-BE54-9A1E7A4F7556}") = "WWC.240711.Extensions.ThirdParty", "WWC.240711.Extensions.ThirdParty\WWC.240711.Extensions.ThirdParty.csproj", "{95B7B8A0-0F05-475C-9657-B1F863B79A3F}"
EndProject
Project("{9A19103F-16F7-4668-BE54-9A1E7A4F7556}") = "WWC.240711.ASPNETCore.Infrastructure", "WWC.240711.ASPNETCore.Infrastructure\WWC.240711.ASPNETCore.Infrastructure.csproj", "{38CFA574-8925-4EBC-A25E-5C962AC846F8}"
EndProject
Project("{9A19103F-16F7-4668-BE54-9A1E7A4F7556}") = "WWC.240711.ASPNETCore.TestAPI", "WWC.240711.ASPNETCore.TestAPI\WWC.240711.ASPNETCore.TestAPI.csproj", "{6EBDAE3E-CDA7-4D81-9088-2BD6FB69ABA8}"
EndProject
Project("{9A19103F-16F7-4668-BE54-9A1E7A4F7556}") = "WWC.240711.ASPNETCore.Ocelot", "WWC.240711.ASPNETCore.Ocelot\WWC.240711.ASPNETCore.Ocelot.csproj", "{E0338FC5-9C79-47E3-AB9C-99764C2D66AA}"
EndProject
Project("{9A19103F-16F7-4668-BE54-9A1E7A4F7556}") = "WWC.240711.ASPNETCore.Auth", "WWC.240711.ASPNETCore.Auth\WWC.240711.ASPNETCore.Auth.csproj", "{C8D571B6-7DF5-4E34-95C6-32607A4DC1FF}"
EndProject
Project("{FAE04EC0-301F-11D3-BF4B-00C04F79EFBC}") = "WWC.240711.ASPNETCore.AuthPlatform", "WWC.270711.ASPNETCore.AuthPlatform\WWC.240711.ASPNETCore.AuthPlatform.csproj", "{939A2116-7D8F-4124-9E73-5B7A67E3122E}"
EndProject
Project("{FAE04EC0-301F-11D3-BF4B-00C04F79EFBC}") = "WWC.240711.ASPNETCore.FileServer", "WWC.240711.ASPNETCore.FileServer\WWC.240711.ASPNETCore.FileServer.csproj", "{37186948-4024-4395-96AD-E4F551610D88}"
EndProject
Global
	GlobalSection(SolutionConfigurationPlatforms) = preSolution
		Debug|Any CPU = Debug|Any CPU
		Release|Any CPU = Release|Any CPU
	EndGlobalSection
	GlobalSection(ProjectConfigurationPlatforms) = postSolution
		{D4E45866-C9B7-4EE9-9643-E04E68A42EE0}.Debug|Any CPU.ActiveCfg = Debug|Any CPU
		{D4E45866-C9B7-4EE9-9643-E04E68A42EE0}.Debug|Any CPU.Build.0 = Debug|Any CPU
		{D4E45866-C9B7-4EE9-9643-E04E68A42EE0}.Release|Any CPU.ActiveCfg = Release|Any CPU
		{D4E45866-C9B7-4EE9-9643-E04E68A42EE0}.Release|Any CPU.Build.0 = Release|Any CPU
		{3379EA17-27CB-49A3-94B3-887B5614FD00}.Debug|Any CPU.ActiveCfg = Debug|Any CPU
		{3379EA17-27CB-49A3-94B3-887B5614FD00}.Debug|Any CPU.Build.0 = Debug|Any CPU
		{3379EA17-27CB-49A3-94B3-887B5614FD00}.Release|Any CPU.ActiveCfg = Release|Any CPU
		{3379EA17-27CB-49A3-94B3-887B5614FD00}.Release|Any CPU.Build.0 = Release|Any CPU
		{0D1EE7BD-7079-43E8-95AE-479E82412D78}.Debug|Any CPU.ActiveCfg = Debug|Any CPU
		{0D1EE7BD-7079-43E8-95AE-479E82412D78}.Debug|Any CPU.Build.0 = Debug|Any CPU
		{0D1EE7BD-7079-43E8-95AE-479E82412D78}.Release|Any CPU.ActiveCfg = Release|Any CPU
		{0D1EE7BD-7079-43E8-95AE-479E82412D78}.Release|Any CPU.Build.0 = Release|Any CPU
		{95B7B8A0-0F05-475C-9657-B1F863B79A3F}.Debug|Any CPU.ActiveCfg = Debug|Any CPU
		{95B7B8A0-0F05-475C-9657-B1F863B79A3F}.Debug|Any CPU.Build.0 = Debug|Any CPU
		{95B7B8A0-0F05-475C-9657-B1F863B79A3F}.Release|Any CPU.ActiveCfg = Release|Any CPU
		{95B7B8A0-0F05-475C-9657-B1F863B79A3F}.Release|Any CPU.Build.0 = Release|Any CPU
		{38CFA574-8925-4EBC-A25E-5C962AC846F8}.Debug|Any CPU.ActiveCfg = Debug|Any CPU
		{38CFA574-8925-4EBC-A25E-5C962AC846F8}.Debug|Any CPU.Build.0 = Debug|Any CPU
		{38CFA574-8925-4EBC-A25E-5C962AC846F8}.Release|Any CPU.ActiveCfg = Release|Any CPU
		{38CFA574-8925-4EBC-A25E-5C962AC846F8}.Release|Any CPU.Build.0 = Release|Any CPU
		{6EBDAE3E-CDA7-4D81-9088-2BD6FB69ABA8}.Debug|Any CPU.ActiveCfg = Debug|Any CPU
		{6EBDAE3E-CDA7-4D81-9088-2BD6FB69ABA8}.Debug|Any CPU.Build.0 = Debug|Any CPU
		{6EBDAE3E-CDA7-4D81-9088-2BD6FB69ABA8}.Release|Any CPU.ActiveCfg = Release|Any CPU
		{6EBDAE3E-CDA7-4D81-9088-2BD6FB69ABA8}.Release|Any CPU.Build.0 = Release|Any CPU
		{E0338FC5-9C79-47E3-AB9C-99764C2D66AA}.Debug|Any CPU.ActiveCfg = Debug|Any CPU
		{E0338FC5-9C79-47E3-AB9C-99764C2D66AA}.Debug|Any CPU.Build.0 = Debug|Any CPU
		{E0338FC5-9C79-47E3-AB9C-99764C2D66AA}.Release|Any CPU.ActiveCfg = Release|Any CPU
		{E0338FC5-9C79-47E3-AB9C-99764C2D66AA}.Release|Any CPU.Build.0 = Release|Any CPU
		{C8D571B6-7DF5-4E34-95C6-32607A4DC1FF}.Debug|Any CPU.ActiveCfg = Debug|Any CPU
		{C8D571B6-7DF5-4E34-95C6-32607A4DC1FF}.Debug|Any CPU.Build.0 = Debug|Any CPU
		{C8D571B6-7DF5-4E34-95C6-32607A4DC1FF}.Release|Any CPU.ActiveCfg = Release|Any CPU
		{C8D571B6-7DF5-4E34-95C6-32607A4DC1FF}.Release|Any CPU.Build.0 = Release|Any CPU
		{939A2116-7D8F-4124-9E73-5B7A67E3122E}.Debug|Any CPU.ActiveCfg = Debug|Any CPU
		{939A2116-7D8F-4124-9E73-5B7A67E3122E}.Debug|Any CPU.Build.0 = Debug|Any CPU
		{939A2116-7D8F-4124-9E73-5B7A67E3122E}.Release|Any CPU.ActiveCfg = Release|Any CPU
		{939A2116-7D8F-4124-9E73-5B7A67E3122E}.Release|Any CPU.Build.0 = Release|Any CPU
		{37186948-4024-4395-96AD-E4F551610D88}.Debug|Any CPU.ActiveCfg = Debug|Any CPU
		{37186948-4024-4395-96AD-E4F551610D88}.Debug|Any CPU.Build.0 = Debug|Any CPU
		{37186948-4024-4395-96AD-E4F551610D88}.Release|Any CPU.ActiveCfg = Release|Any CPU
		{37186948-4024-4395-96AD-E4F551610D88}.Release|Any CPU.Build.0 = Release|Any CPU
	EndGlobalSection
	GlobalSection(SolutionProperties) = preSolution
		HideSolutionNode = FALSE
	EndGlobalSection
	GlobalSection(NestedProjects) = preSolution
		{E2328097-5B9A-444E-96BA-9AA7C600F9D8} = {29E31E7F-D523-4316-A9E0-BAAF9461759A}
		{1F0BAD11-F9E2-42C6-BA01-B0CF08F3C06C} = {29E31E7F-D523-4316-A9E0-BAAF9461759A}
		{6C894B00-C8C0-4040-B9AA-E7259205D92E} = {29E31E7F-D523-4316-A9E0-BAAF9461759A}
		{61CA22DD-4B14-498F-963D-92D7BCEF8B4A} = {29E31E7F-D523-4316-A9E0-BAAF9461759A}
		{3605571D-6A25-461F-85E1-3A36F79B8AD0} = {29E31E7F-D523-4316-A9E0-BAAF9461759A}
	EndGlobalSection
	GlobalSection(ExtensibilityGlobals) = postSolution
		SolutionGuid = {1E860C43-BFE6-4A67-9228-D2E46A5CCB0B}
	EndGlobalSection
EndGlobal
